// !$*UTF8*$!
{
	archiveVersion = 1;
	classes = {
	};
	objectVersion = 50;
	objects = {

/* Begin PBXBuildFile section */
		4129849A25760EC1008B2E5E /* CounterColors.xcassets in Resources */ = {isa = PBXBuildFile; fileRef = 4129849925760EC1008B2E5E /* CounterColors.xcassets */; };
		415BA1FD2579E3AE00EB3D68 /* MainScreenDataProvider.swift in Sources */ = {isa = PBXBuildFile; fileRef = 415BA1FC2579E3AE00EB3D68 /* MainScreenDataProvider.swift */; };
		415BA2062579E8A600EB3D68 /* MainScreenDataProviderTests.swift in Sources */ = {isa = PBXBuildFile; fileRef = 415BA2052579E8A600EB3D68 /* MainScreenDataProviderTests.swift */; };
		415BA2192579FB1A00EB3D68 /* Counter.swift in Sources */ = {isa = PBXBuildFile; fileRef = 415BA2182579FB1A00EB3D68 /* Counter.swift */; };
		415BA224257A955400EB3D68 /* CounterItemManager.swift in Sources */ = {isa = PBXBuildFile; fileRef = 415BA223257A955400EB3D68 /* CounterItemManager.swift */; };
		41751E662582587300F2918D /* SearchableDataProvider.swift in Sources */ = {isa = PBXBuildFile; fileRef = 41751E652582587300F2918D /* SearchableDataProvider.swift */; };
		41751E742582617200F2918D /* AddItem.storyboard in Resources */ = {isa = PBXBuildFile; fileRef = 41751E6E2582617200F2918D /* AddItem.storyboard */; };
		41751E752582617200F2918D /* AddItemInterfaces.swift in Sources */ = {isa = PBXBuildFile; fileRef = 41751E6F2582617200F2918D /* AddItemInterfaces.swift */; };
		41751E762582617200F2918D /* AddItemPresenter.swift in Sources */ = {isa = PBXBuildFile; fileRef = 41751E702582617200F2918D /* AddItemPresenter.swift */; };
		41751E772582617200F2918D /* AddItemViewController.swift in Sources */ = {isa = PBXBuildFile; fileRef = 41751E712582617200F2918D /* AddItemViewController.swift */; };
		41751E782582617200F2918D /* AddItemInteractor.swift in Sources */ = {isa = PBXBuildFile; fileRef = 41751E722582617200F2918D /* AddItemInteractor.swift */; };
		41751E792582617200F2918D /* AddItemWireframe.swift in Sources */ = {isa = PBXBuildFile; fileRef = 41751E732582617200F2918D /* AddItemWireframe.swift */; };
		417A832C25761E5800794AA1 /* RoundedButton.swift in Sources */ = {isa = PBXBuildFile; fileRef = 417A832B25761E5800794AA1 /* RoundedButton.swift */; };
		417A83692576228400794AA1 /* WelcomeTableViewCell.swift in Sources */ = {isa = PBXBuildFile; fileRef = 417A83672576228400794AA1 /* WelcomeTableViewCell.swift */; };
		417A836A2576228400794AA1 /* WelcomeTableViewCell.xib in Resources */ = {isa = PBXBuildFile; fileRef = 417A83682576228400794AA1 /* WelcomeTableViewCell.xib */; };
		418A0A7D2582833A008D2F9F /* ItemManagerTests.swift in Sources */ = {isa = PBXBuildFile; fileRef = 418A0A7B2582833A008D2F9F /* ItemManagerTests.swift */; };
		418A0A7E2582833A008D2F9F /* CounterTests.swift in Sources */ = {isa = PBXBuildFile; fileRef = 418A0A7C2582833A008D2F9F /* CounterTests.swift */; };
		41988E742577E8E100BE9966 /* ViewInterface.swift in Sources */ = {isa = PBXBuildFile; fileRef = 41988E6E2577E8E100BE9966 /* ViewInterface.swift */; };
		41988E752577E8E100BE9966 /* UIStoryboardExtension.swift in Sources */ = {isa = PBXBuildFile; fileRef = 41988E6F2577E8E100BE9966 /* UIStoryboardExtension.swift */; };
		41988E762577E8E100BE9966 /* BaseWireframe.swift in Sources */ = {isa = PBXBuildFile; fileRef = 41988E702577E8E100BE9966 /* BaseWireframe.swift */; };
		41988E772577E8E100BE9966 /* PresenterInterface.swift in Sources */ = {isa = PBXBuildFile; fileRef = 41988E712577E8E100BE9966 /* PresenterInterface.swift */; };
		41988E782577E8E100BE9966 /* FormatterInterface.swift in Sources */ = {isa = PBXBuildFile; fileRef = 41988E722577E8E100BE9966 /* FormatterInterface.swift */; };
		41988E792577E8E100BE9966 /* InteractorInterface.swift in Sources */ = {isa = PBXBuildFile; fileRef = 41988E732577E8E100BE9966 /* InteractorInterface.swift */; };
		41988E832577E92B00BE9966 /* WelcomeUser.storyboard in Resources */ = {isa = PBXBuildFile; fileRef = 41988E7D2577E92B00BE9966 /* WelcomeUser.storyboard */; };
		41988E842577E92B00BE9966 /* WelcomeUserInterfaces.swift in Sources */ = {isa = PBXBuildFile; fileRef = 41988E7E2577E92B00BE9966 /* WelcomeUserInterfaces.swift */; };
		41988E852577E92B00BE9966 /* WelcomeUserPresenter.swift in Sources */ = {isa = PBXBuildFile; fileRef = 41988E7F2577E92B00BE9966 /* WelcomeUserPresenter.swift */; };
		41988E862577E92B00BE9966 /* WelcomeUserViewController.swift in Sources */ = {isa = PBXBuildFile; fileRef = 41988E802577E92B00BE9966 /* WelcomeUserViewController.swift */; };
		41988E882577E92B00BE9966 /* WelcomeUserWireframe.swift in Sources */ = {isa = PBXBuildFile; fileRef = 41988E822577E92B00BE9966 /* WelcomeUserWireframe.swift */; };
		41988E902577EB9500BE9966 /* WelcomeUserTests.swift in Sources */ = {isa = PBXBuildFile; fileRef = 41988E8F2577EB9500BE9966 /* WelcomeUserTests.swift */; };
		41AB7270257BE7A400AAB062 /* CounterTableViewCell.swift in Sources */ = {isa = PBXBuildFile; fileRef = 41AB726E257BE7A400AAB062 /* CounterTableViewCell.swift */; };
		41AB7271257BE7A400AAB062 /* CounterTableViewCell.xib in Resources */ = {isa = PBXBuildFile; fileRef = 41AB726F257BE7A400AAB062 /* CounterTableViewCell.xib */; };
		41AB7279257C64A100AAB062 /* CounterTableViewCellTests.swift in Sources */ = {isa = PBXBuildFile; fileRef = 41AB7278257C64A000AAB062 /* CounterTableViewCellTests.swift */; };
		41AB727E257C6DF800AAB062 /* SF-Pro-Rounded-Semibold.otf in Resources */ = {isa = PBXBuildFile; fileRef = 41AB727D257C6DF800AAB062 /* SF-Pro-Rounded-Semibold.otf */; };
		41AF03E62577F12400754913 /* WelcomeUserViewController+UITableViewDataSource.swift in Sources */ = {isa = PBXBuildFile; fileRef = 41AF03E52577F12400754913 /* WelcomeUserViewController+UITableViewDataSource.swift */; };
		41AF03EE2577F5E800754913 /* UIView+Extension.swift in Sources */ = {isa = PBXBuildFile; fileRef = 41AF03ED2577F5E800754913 /* UIView+Extension.swift */; };
		41AF040D2578053400754913 /* SF-Pro-Display-Black.otf in Resources */ = {isa = PBXBuildFile; fileRef = 4154746425761B8800B1B553 /* SF-Pro-Display-Black.otf */; };
		41AF040E2578053400754913 /* SF-Pro-Display-BlackItalic.otf in Resources */ = {isa = PBXBuildFile; fileRef = 4154746825761B8800B1B553 /* SF-Pro-Display-BlackItalic.otf */; };
		41AF040F2578053400754913 /* SF-Pro-Display-Bold.otf in Resources */ = {isa = PBXBuildFile; fileRef = 4154744925761B8400B1B553 /* SF-Pro-Display-Bold.otf */; };
		41AF04102578053400754913 /* SF-Pro-Display-BoldItalic.otf in Resources */ = {isa = PBXBuildFile; fileRef = 4154745E25761B8700B1B553 /* SF-Pro-Display-BoldItalic.otf */; };
		41AF04112578053400754913 /* SF-Pro-Display-Heavy.otf in Resources */ = {isa = PBXBuildFile; fileRef = 4154746725761B8800B1B553 /* SF-Pro-Display-Heavy.otf */; };
		41AF04122578053400754913 /* SF-Pro-Display-HeavyItalic.otf in Resources */ = {isa = PBXBuildFile; fileRef = 4154745725761B8600B1B553 /* SF-Pro-Display-HeavyItalic.otf */; };
		41AF04132578053400754913 /* SF-Pro-Display-Light.otf in Resources */ = {isa = PBXBuildFile; fileRef = 4154744C25761B8500B1B553 /* SF-Pro-Display-Light.otf */; };
		41AF04142578053400754913 /* SF-Pro-Display-LightItalic.otf in Resources */ = {isa = PBXBuildFile; fileRef = 4154744125761B8300B1B553 /* SF-Pro-Display-LightItalic.otf */; };
		41AF04152578053400754913 /* SF-Pro-Display-Medium.otf in Resources */ = {isa = PBXBuildFile; fileRef = 4154745125761B8500B1B553 /* SF-Pro-Display-Medium.otf */; };
		41AF04162578053400754913 /* SF-Pro-Display-MediumItalic.otf in Resources */ = {isa = PBXBuildFile; fileRef = 4154746025761B8700B1B553 /* SF-Pro-Display-MediumItalic.otf */; };
		41AF04172578053400754913 /* SF-Pro-Display-Regular.otf in Resources */ = {isa = PBXBuildFile; fileRef = 4154744725761B8400B1B553 /* SF-Pro-Display-Regular.otf */; };
		41AF04182578053400754913 /* SF-Pro-Display-RegularItalic.otf in Resources */ = {isa = PBXBuildFile; fileRef = 4154746B25761B8900B1B553 /* SF-Pro-Display-RegularItalic.otf */; };
		41AF04192578053400754913 /* SF-Pro-Display-Semibold.otf in Resources */ = {isa = PBXBuildFile; fileRef = 4154745F25761B8700B1B553 /* SF-Pro-Display-Semibold.otf */; };
		41AF041A2578053400754913 /* SF-Pro-Display-SemiboldItalic.otf in Resources */ = {isa = PBXBuildFile; fileRef = 4154746C25761B8900B1B553 /* SF-Pro-Display-SemiboldItalic.otf */; };
		41AF041B2578053400754913 /* SF-Pro-Display-Thin.otf in Resources */ = {isa = PBXBuildFile; fileRef = 4154744D25761B8500B1B553 /* SF-Pro-Display-Thin.otf */; };
		41AF041C2578053400754913 /* SF-Pro-Display-ThinItalic.otf in Resources */ = {isa = PBXBuildFile; fileRef = 4154745025761B8500B1B553 /* SF-Pro-Display-ThinItalic.otf */; };
		41AF041D2578053400754913 /* SF-Pro-Display-Ultralight.otf in Resources */ = {isa = PBXBuildFile; fileRef = 4154745225761B8500B1B553 /* SF-Pro-Display-Ultralight.otf */; };
		41AF041E2578053400754913 /* SF-Pro-Display-UltralightItalic.otf in Resources */ = {isa = PBXBuildFile; fileRef = 4154746325761B8800B1B553 /* SF-Pro-Display-UltralightItalic.otf */; };
		41CAD578257850CD00073115 /* MainScreen.storyboard in Resources */ = {isa = PBXBuildFile; fileRef = 41CAD572257850CD00073115 /* MainScreen.storyboard */; };
		41CAD579257850CD00073115 /* MainScreenInterfaces.swift in Sources */ = {isa = PBXBuildFile; fileRef = 41CAD573257850CD00073115 /* MainScreenInterfaces.swift */; };
		41CAD57A257850CD00073115 /* MainScreenPresenter.swift in Sources */ = {isa = PBXBuildFile; fileRef = 41CAD574257850CD00073115 /* MainScreenPresenter.swift */; };
		41CAD57B257850CD00073115 /* MainScreenViewController.swift in Sources */ = {isa = PBXBuildFile; fileRef = 41CAD575257850CD00073115 /* MainScreenViewController.swift */; };
		41CAD57C257850CD00073115 /* MainScreenInteractor.swift in Sources */ = {isa = PBXBuildFile; fileRef = 41CAD576257850CD00073115 /* MainScreenInteractor.swift */; };
		41CAD57D257850CD00073115 /* MainScreenWireframe.swift in Sources */ = {isa = PBXBuildFile; fileRef = 41CAD577257850CD00073115 /* MainScreenWireframe.swift */; };
		41CAD5852578531D00073115 /* MainScreenTests.swift in Sources */ = {isa = PBXBuildFile; fileRef = 41CAD5842578531D00073115 /* MainScreenTests.swift */; };
		41DFA2B5258147AE00695D1B /* WelcomeCellType.swift in Sources */ = {isa = PBXBuildFile; fileRef = 41DFA2B4258147AE00695D1B /* WelcomeCellType.swift */; };
		41F24C2C25759C2F003B4CEE /* AppDelegate.swift in Sources */ = {isa = PBXBuildFile; fileRef = 41F24C2B25759C2F003B4CEE /* AppDelegate.swift */; };
		41F24C2E25759C2F003B4CEE /* SceneDelegate.swift in Sources */ = {isa = PBXBuildFile; fileRef = 41F24C2D25759C2F003B4CEE /* SceneDelegate.swift */; };
		41F24C3625759C2F003B4CEE /* Awesome_Counter.xcdatamodeld in Sources */ = {isa = PBXBuildFile; fileRef = 41F24C3425759C2F003B4CEE /* Awesome_Counter.xcdatamodeld */; };
		41F24C3825759C31003B4CEE /* Assets.xcassets in Resources */ = {isa = PBXBuildFile; fileRef = 41F24C3725759C31003B4CEE /* Assets.xcassets */; };
		41F24C3B25759C31003B4CEE /* LaunchScreen.storyboard in Resources */ = {isa = PBXBuildFile; fileRef = 41F24C3925759C31003B4CEE /* LaunchScreen.storyboard */; };
		41F24C4625759C31003B4CEE /* Awesome_CounterTests.swift in Sources */ = {isa = PBXBuildFile; fileRef = 41F24C4525759C31003B4CEE /* Awesome_CounterTests.swift */; };
		41F24C5125759C31003B4CEE /* Awesome_CounterUITests.swift in Sources */ = {isa = PBXBuildFile; fileRef = 41F24C5025759C31003B4CEE /* Awesome_CounterUITests.swift */; };
		41F24C6F25760414003B4CEE /* String+localization.swift in Sources */ = {isa = PBXBuildFile; fileRef = 41F24C6E25760414003B4CEE /* String+localization.swift */; };
		41F24C7725760627003B4CEE /* UIKit+XIBLocalizable.swift in Sources */ = {isa = PBXBuildFile; fileRef = 41F24C7625760627003B4CEE /* UIKit+XIBLocalizable.swift */; };
		41F873052582E04F000877F8 /* AddItemTests.swift in Sources */ = {isa = PBXBuildFile; fileRef = 41F873042582E04F000877F8 /* AddItemTests.swift */; };
/* End PBXBuildFile section */

/* Begin PBXContainerItemProxy section */
		41F24C4225759C31003B4CEE /* PBXContainerItemProxy */ = {
			isa = PBXContainerItemProxy;
			containerPortal = 41F24C2025759C2F003B4CEE /* Project object */;
			proxyType = 1;
			remoteGlobalIDString = 41F24C2725759C2F003B4CEE;
			remoteInfo = "Awesome Counter";
		};
		41F24C4D25759C31003B4CEE /* PBXContainerItemProxy */ = {
			isa = PBXContainerItemProxy;
			containerPortal = 41F24C2025759C2F003B4CEE /* Project object */;
			proxyType = 1;
			remoteGlobalIDString = 41F24C2725759C2F003B4CEE;
			remoteInfo = "Awesome Counter";
		};
/* End PBXContainerItemProxy section */

/* Begin PBXFileReference section */
		4129849925760EC1008B2E5E /* CounterColors.xcassets */ = {isa = PBXFileReference; lastKnownFileType = folder.assetcatalog; path = CounterColors.xcassets; sourceTree = "<group>"; };
		4154744125761B8300B1B553 /* SF-Pro-Display-LightItalic.otf */ = {isa = PBXFileReference; lastKnownFileType = file; path = "SF-Pro-Display-LightItalic.otf"; sourceTree = "<group>"; };
		4154744725761B8400B1B553 /* SF-Pro-Display-Regular.otf */ = {isa = PBXFileReference; lastKnownFileType = file; path = "SF-Pro-Display-Regular.otf"; sourceTree = "<group>"; };
		4154744925761B8400B1B553 /* SF-Pro-Display-Bold.otf */ = {isa = PBXFileReference; lastKnownFileType = file; path = "SF-Pro-Display-Bold.otf"; sourceTree = "<group>"; };
		4154744C25761B8500B1B553 /* SF-Pro-Display-Light.otf */ = {isa = PBXFileReference; lastKnownFileType = file; path = "SF-Pro-Display-Light.otf"; sourceTree = "<group>"; };
		4154744D25761B8500B1B553 /* SF-Pro-Display-Thin.otf */ = {isa = PBXFileReference; lastKnownFileType = file; path = "SF-Pro-Display-Thin.otf"; sourceTree = "<group>"; };
		4154745025761B8500B1B553 /* SF-Pro-Display-ThinItalic.otf */ = {isa = PBXFileReference; lastKnownFileType = file; path = "SF-Pro-Display-ThinItalic.otf"; sourceTree = "<group>"; };
		4154745125761B8500B1B553 /* SF-Pro-Display-Medium.otf */ = {isa = PBXFileReference; lastKnownFileType = file; path = "SF-Pro-Display-Medium.otf"; sourceTree = "<group>"; };
		4154745225761B8500B1B553 /* SF-Pro-Display-Ultralight.otf */ = {isa = PBXFileReference; lastKnownFileType = file; path = "SF-Pro-Display-Ultralight.otf"; sourceTree = "<group>"; };
		4154745725761B8600B1B553 /* SF-Pro-Display-HeavyItalic.otf */ = {isa = PBXFileReference; lastKnownFileType = file; path = "SF-Pro-Display-HeavyItalic.otf"; sourceTree = "<group>"; };
		4154745E25761B8700B1B553 /* SF-Pro-Display-BoldItalic.otf */ = {isa = PBXFileReference; lastKnownFileType = file; path = "SF-Pro-Display-BoldItalic.otf"; sourceTree = "<group>"; };
		4154745F25761B8700B1B553 /* SF-Pro-Display-Semibold.otf */ = {isa = PBXFileReference; lastKnownFileType = file; path = "SF-Pro-Display-Semibold.otf"; sourceTree = "<group>"; };
		4154746025761B8700B1B553 /* SF-Pro-Display-MediumItalic.otf */ = {isa = PBXFileReference; lastKnownFileType = file; path = "SF-Pro-Display-MediumItalic.otf"; sourceTree = "<group>"; };
		4154746325761B8800B1B553 /* SF-Pro-Display-UltralightItalic.otf */ = {isa = PBXFileReference; lastKnownFileType = file; path = "SF-Pro-Display-UltralightItalic.otf"; sourceTree = "<group>"; };
		4154746425761B8800B1B553 /* SF-Pro-Display-Black.otf */ = {isa = PBXFileReference; lastKnownFileType = file; path = "SF-Pro-Display-Black.otf"; sourceTree = "<group>"; };
		4154746725761B8800B1B553 /* SF-Pro-Display-Heavy.otf */ = {isa = PBXFileReference; lastKnownFileType = file; path = "SF-Pro-Display-Heavy.otf"; sourceTree = "<group>"; };
		4154746825761B8800B1B553 /* SF-Pro-Display-BlackItalic.otf */ = {isa = PBXFileReference; lastKnownFileType = file; path = "SF-Pro-Display-BlackItalic.otf"; sourceTree = "<group>"; };
		4154746B25761B8900B1B553 /* SF-Pro-Display-RegularItalic.otf */ = {isa = PBXFileReference; lastKnownFileType = file; path = "SF-Pro-Display-RegularItalic.otf"; sourceTree = "<group>"; };
		4154746C25761B8900B1B553 /* SF-Pro-Display-SemiboldItalic.otf */ = {isa = PBXFileReference; lastKnownFileType = file; path = "SF-Pro-Display-SemiboldItalic.otf"; sourceTree = "<group>"; };
		415BA1FC2579E3AE00EB3D68 /* MainScreenDataProvider.swift */ = {isa = PBXFileReference; lastKnownFileType = sourcecode.swift; path = MainScreenDataProvider.swift; sourceTree = "<group>"; };
		415BA2052579E8A600EB3D68 /* MainScreenDataProviderTests.swift */ = {isa = PBXFileReference; lastKnownFileType = sourcecode.swift; path = MainScreenDataProviderTests.swift; sourceTree = "<group>"; };
		415BA2182579FB1A00EB3D68 /* Counter.swift */ = {isa = PBXFileReference; lastKnownFileType = sourcecode.swift; path = Counter.swift; sourceTree = "<group>"; };
		415BA223257A955400EB3D68 /* CounterItemManager.swift */ = {isa = PBXFileReference; lastKnownFileType = sourcecode.swift; path = CounterItemManager.swift; sourceTree = "<group>"; };
		41751E652582587300F2918D /* SearchableDataProvider.swift */ = {isa = PBXFileReference; lastKnownFileType = sourcecode.swift; path = SearchableDataProvider.swift; sourceTree = "<group>"; };
		41751E6E2582617200F2918D /* AddItem.storyboard */ = {isa = PBXFileReference; lastKnownFileType = file.storyboard; path = AddItem.storyboard; sourceTree = "<group>"; };
		41751E6F2582617200F2918D /* AddItemInterfaces.swift */ = {isa = PBXFileReference; lastKnownFileType = sourcecode.swift; path = AddItemInterfaces.swift; sourceTree = "<group>"; };
		41751E702582617200F2918D /* AddItemPresenter.swift */ = {isa = PBXFileReference; lastKnownFileType = sourcecode.swift; path = AddItemPresenter.swift; sourceTree = "<group>"; };
		41751E712582617200F2918D /* AddItemViewController.swift */ = {isa = PBXFileReference; lastKnownFileType = sourcecode.swift; path = AddItemViewController.swift; sourceTree = "<group>"; };
		41751E722582617200F2918D /* AddItemInteractor.swift */ = {isa = PBXFileReference; lastKnownFileType = sourcecode.swift; path = AddItemInteractor.swift; sourceTree = "<group>"; };
		41751E732582617200F2918D /* AddItemWireframe.swift */ = {isa = PBXFileReference; lastKnownFileType = sourcecode.swift; path = AddItemWireframe.swift; sourceTree = "<group>"; };
		417A832B25761E5800794AA1 /* RoundedButton.swift */ = {isa = PBXFileReference; lastKnownFileType = sourcecode.swift; path = RoundedButton.swift; sourceTree = "<group>"; };
		417A83672576228400794AA1 /* WelcomeTableViewCell.swift */ = {isa = PBXFileReference; lastKnownFileType = sourcecode.swift; path = WelcomeTableViewCell.swift; sourceTree = "<group>"; };
		417A83682576228400794AA1 /* WelcomeTableViewCell.xib */ = {isa = PBXFileReference; lastKnownFileType = file.xib; path = WelcomeTableViewCell.xib; sourceTree = "<group>"; };
		418A0A7B2582833A008D2F9F /* ItemManagerTests.swift */ = {isa = PBXFileReference; fileEncoding = 4; lastKnownFileType = sourcecode.swift; path = ItemManagerTests.swift; sourceTree = "<group>"; };
		418A0A7C2582833A008D2F9F /* CounterTests.swift */ = {isa = PBXFileReference; fileEncoding = 4; lastKnownFileType = sourcecode.swift; path = CounterTests.swift; sourceTree = "<group>"; };
		41988E6E2577E8E100BE9966 /* ViewInterface.swift */ = {isa = PBXFileReference; fileEncoding = 4; lastKnownFileType = sourcecode.swift; path = ViewInterface.swift; sourceTree = "<group>"; };
		41988E6F2577E8E100BE9966 /* UIStoryboardExtension.swift */ = {isa = PBXFileReference; fileEncoding = 4; lastKnownFileType = sourcecode.swift; path = UIStoryboardExtension.swift; sourceTree = "<group>"; };
		41988E702577E8E100BE9966 /* BaseWireframe.swift */ = {isa = PBXFileReference; fileEncoding = 4; lastKnownFileType = sourcecode.swift; path = BaseWireframe.swift; sourceTree = "<group>"; };
		41988E712577E8E100BE9966 /* PresenterInterface.swift */ = {isa = PBXFileReference; fileEncoding = 4; lastKnownFileType = sourcecode.swift; path = PresenterInterface.swift; sourceTree = "<group>"; };
		41988E722577E8E100BE9966 /* FormatterInterface.swift */ = {isa = PBXFileReference; fileEncoding = 4; lastKnownFileType = sourcecode.swift; path = FormatterInterface.swift; sourceTree = "<group>"; };
		41988E732577E8E100BE9966 /* InteractorInterface.swift */ = {isa = PBXFileReference; fileEncoding = 4; lastKnownFileType = sourcecode.swift; path = InteractorInterface.swift; sourceTree = "<group>"; };
		41988E7D2577E92B00BE9966 /* WelcomeUser.storyboard */ = {isa = PBXFileReference; lastKnownFileType = file.storyboard; path = WelcomeUser.storyboard; sourceTree = "<group>"; };
		41988E7E2577E92B00BE9966 /* WelcomeUserInterfaces.swift */ = {isa = PBXFileReference; lastKnownFileType = sourcecode.swift; path = WelcomeUserInterfaces.swift; sourceTree = "<group>"; };
		41988E7F2577E92B00BE9966 /* WelcomeUserPresenter.swift */ = {isa = PBXFileReference; lastKnownFileType = sourcecode.swift; path = WelcomeUserPresenter.swift; sourceTree = "<group>"; };
		41988E802577E92B00BE9966 /* WelcomeUserViewController.swift */ = {isa = PBXFileReference; lastKnownFileType = sourcecode.swift; path = WelcomeUserViewController.swift; sourceTree = "<group>"; };
		41988E822577E92B00BE9966 /* WelcomeUserWireframe.swift */ = {isa = PBXFileReference; lastKnownFileType = sourcecode.swift; path = WelcomeUserWireframe.swift; sourceTree = "<group>"; };
		41988E8F2577EB9500BE9966 /* WelcomeUserTests.swift */ = {isa = PBXFileReference; lastKnownFileType = sourcecode.swift; path = WelcomeUserTests.swift; sourceTree = "<group>"; };
		41AB726E257BE7A400AAB062 /* CounterTableViewCell.swift */ = {isa = PBXFileReference; lastKnownFileType = sourcecode.swift; path = CounterTableViewCell.swift; sourceTree = "<group>"; };
		41AB726F257BE7A400AAB062 /* CounterTableViewCell.xib */ = {isa = PBXFileReference; lastKnownFileType = file.xib; path = CounterTableViewCell.xib; sourceTree = "<group>"; };
		41AB7278257C64A000AAB062 /* CounterTableViewCellTests.swift */ = {isa = PBXFileReference; lastKnownFileType = sourcecode.swift; path = CounterTableViewCellTests.swift; sourceTree = "<group>"; };
		41AB727D257C6DF800AAB062 /* SF-Pro-Rounded-Semibold.otf */ = {isa = PBXFileReference; lastKnownFileType = file; path = "SF-Pro-Rounded-Semibold.otf"; sourceTree = "<group>"; };
		41AF03E52577F12400754913 /* WelcomeUserViewController+UITableViewDataSource.swift */ = {isa = PBXFileReference; lastKnownFileType = sourcecode.swift; path = "WelcomeUserViewController+UITableViewDataSource.swift"; sourceTree = "<group>"; };
		41AF03ED2577F5E800754913 /* UIView+Extension.swift */ = {isa = PBXFileReference; lastKnownFileType = sourcecode.swift; path = "UIView+Extension.swift"; sourceTree = "<group>"; };
		41CAD572257850CD00073115 /* MainScreen.storyboard */ = {isa = PBXFileReference; lastKnownFileType = file.storyboard; path = MainScreen.storyboard; sourceTree = "<group>"; };
		41CAD573257850CD00073115 /* MainScreenInterfaces.swift */ = {isa = PBXFileReference; lastKnownFileType = sourcecode.swift; path = MainScreenInterfaces.swift; sourceTree = "<group>"; };
		41CAD574257850CD00073115 /* MainScreenPresenter.swift */ = {isa = PBXFileReference; lastKnownFileType = sourcecode.swift; path = MainScreenPresenter.swift; sourceTree = "<group>"; };
		41CAD575257850CD00073115 /* MainScreenViewController.swift */ = {isa = PBXFileReference; lastKnownFileType = sourcecode.swift; path = MainScreenViewController.swift; sourceTree = "<group>"; };
		41CAD576257850CD00073115 /* MainScreenInteractor.swift */ = {isa = PBXFileReference; lastKnownFileType = sourcecode.swift; path = MainScreenInteractor.swift; sourceTree = "<group>"; };
		41CAD577257850CD00073115 /* MainScreenWireframe.swift */ = {isa = PBXFileReference; lastKnownFileType = sourcecode.swift; path = MainScreenWireframe.swift; sourceTree = "<group>"; };
		41CAD5842578531D00073115 /* MainScreenTests.swift */ = {isa = PBXFileReference; lastKnownFileType = sourcecode.swift; path = MainScreenTests.swift; sourceTree = "<group>"; };
		41DFA2B4258147AE00695D1B /* WelcomeCellType.swift */ = {isa = PBXFileReference; lastKnownFileType = sourcecode.swift; path = WelcomeCellType.swift; sourceTree = "<group>"; };
		41F24C2825759C2F003B4CEE /* Awesome Counter.app */ = {isa = PBXFileReference; explicitFileType = wrapper.application; includeInIndex = 0; path = "Awesome Counter.app"; sourceTree = BUILT_PRODUCTS_DIR; };
		41F24C2B25759C2F003B4CEE /* AppDelegate.swift */ = {isa = PBXFileReference; lastKnownFileType = sourcecode.swift; path = AppDelegate.swift; sourceTree = "<group>"; };
		41F24C2D25759C2F003B4CEE /* SceneDelegate.swift */ = {isa = PBXFileReference; lastKnownFileType = sourcecode.swift; path = SceneDelegate.swift; sourceTree = "<group>"; };
		41F24C3525759C2F003B4CEE /* Awesome_Counter.xcdatamodel */ = {isa = PBXFileReference; lastKnownFileType = wrapper.xcdatamodel; path = Awesome_Counter.xcdatamodel; sourceTree = "<group>"; };
		41F24C3725759C31003B4CEE /* Assets.xcassets */ = {isa = PBXFileReference; lastKnownFileType = folder.assetcatalog; path = Assets.xcassets; sourceTree = "<group>"; };
		41F24C3A25759C31003B4CEE /* Base */ = {isa = PBXFileReference; lastKnownFileType = file.storyboard; name = Base; path = Base.lproj/LaunchScreen.storyboard; sourceTree = "<group>"; };
		41F24C3C25759C31003B4CEE /* Info.plist */ = {isa = PBXFileReference; lastKnownFileType = text.plist.xml; path = Info.plist; sourceTree = "<group>"; };
		41F24C4125759C31003B4CEE /* Awesome CounterTests.xctest */ = {isa = PBXFileReference; explicitFileType = wrapper.cfbundle; includeInIndex = 0; path = "Awesome CounterTests.xctest"; sourceTree = BUILT_PRODUCTS_DIR; };
		41F24C4525759C31003B4CEE /* Awesome_CounterTests.swift */ = {isa = PBXFileReference; lastKnownFileType = sourcecode.swift; path = Awesome_CounterTests.swift; sourceTree = "<group>"; };
		41F24C4725759C31003B4CEE /* Info.plist */ = {isa = PBXFileReference; lastKnownFileType = text.plist.xml; path = Info.plist; sourceTree = "<group>"; };
		41F24C4C25759C31003B4CEE /* Awesome CounterUITests.xctest */ = {isa = PBXFileReference; explicitFileType = wrapper.cfbundle; includeInIndex = 0; path = "Awesome CounterUITests.xctest"; sourceTree = BUILT_PRODUCTS_DIR; };
		41F24C5025759C31003B4CEE /* Awesome_CounterUITests.swift */ = {isa = PBXFileReference; lastKnownFileType = sourcecode.swift; path = Awesome_CounterUITests.swift; sourceTree = "<group>"; };
		41F24C5225759C31003B4CEE /* Info.plist */ = {isa = PBXFileReference; lastKnownFileType = text.plist.xml; path = Info.plist; sourceTree = "<group>"; };
		41F24C6E25760414003B4CEE /* String+localization.swift */ = {isa = PBXFileReference; lastKnownFileType = sourcecode.swift; path = "String+localization.swift"; sourceTree = "<group>"; };
		41F24C7625760627003B4CEE /* UIKit+XIBLocalizable.swift */ = {isa = PBXFileReference; lastKnownFileType = sourcecode.swift; path = "UIKit+XIBLocalizable.swift"; sourceTree = "<group>"; };
		41F24C84257607AD003B4CEE /* en */ = {isa = PBXFileReference; lastKnownFileType = text.plist.strings; name = en; path = en.lproj/LaunchScreen.strings; sourceTree = "<group>"; };
		41F24C8525760929003B4CEE /* es-419 */ = {isa = PBXFileReference; lastKnownFileType = text.plist.strings; name = "es-419"; path = "es-419.lproj/LaunchScreen.strings"; sourceTree = "<group>"; };
		41F873042582E04F000877F8 /* AddItemTests.swift */ = {isa = PBXFileReference; lastKnownFileType = sourcecode.swift; path = AddItemTests.swift; sourceTree = "<group>"; };
/* End PBXFileReference section */

/* Begin PBXFrameworksBuildPhase section */
		41F24C2525759C2F003B4CEE /* Frameworks */ = {
			isa = PBXFrameworksBuildPhase;
			buildActionMask = 2147483647;
			files = (
			);
			runOnlyForDeploymentPostprocessing = 0;
		};
		41F24C3E25759C31003B4CEE /* Frameworks */ = {
			isa = PBXFrameworksBuildPhase;
			buildActionMask = 2147483647;
			files = (
			);
			runOnlyForDeploymentPostprocessing = 0;
		};
		41F24C4925759C31003B4CEE /* Frameworks */ = {
			isa = PBXFrameworksBuildPhase;
			buildActionMask = 2147483647;
			files = (
			);
			runOnlyForDeploymentPostprocessing = 0;
		};
/* End PBXFrameworksBuildPhase section */

/* Begin PBXGroup section */
		41547436257619E200B1B553 /* Assets */ = {
			isa = PBXGroup;
			children = (
				4154743F25761B4000B1B553 /* Fonts */,
				41F24C3725759C31003B4CEE /* Assets.xcassets */,
				4129849925760EC1008B2E5E /* CounterColors.xcassets */,
			);
			path = Assets;
			sourceTree = "<group>";
		};
		4154743F25761B4000B1B553 /* Fonts */ = {
			isa = PBXGroup;
			children = (
				41AB727D257C6DF800AAB062 /* SF-Pro-Rounded-Semibold.otf */,
				4154746425761B8800B1B553 /* SF-Pro-Display-Black.otf */,
				4154746825761B8800B1B553 /* SF-Pro-Display-BlackItalic.otf */,
				4154744925761B8400B1B553 /* SF-Pro-Display-Bold.otf */,
				4154745E25761B8700B1B553 /* SF-Pro-Display-BoldItalic.otf */,
				4154746725761B8800B1B553 /* SF-Pro-Display-Heavy.otf */,
				4154745725761B8600B1B553 /* SF-Pro-Display-HeavyItalic.otf */,
				4154744C25761B8500B1B553 /* SF-Pro-Display-Light.otf */,
				4154744125761B8300B1B553 /* SF-Pro-Display-LightItalic.otf */,
				4154745125761B8500B1B553 /* SF-Pro-Display-Medium.otf */,
				4154746025761B8700B1B553 /* SF-Pro-Display-MediumItalic.otf */,
				4154744725761B8400B1B553 /* SF-Pro-Display-Regular.otf */,
				4154746B25761B8900B1B553 /* SF-Pro-Display-RegularItalic.otf */,
				4154745F25761B8700B1B553 /* SF-Pro-Display-Semibold.otf */,
				4154746C25761B8900B1B553 /* SF-Pro-Display-SemiboldItalic.otf */,
				4154744D25761B8500B1B553 /* SF-Pro-Display-Thin.otf */,
				4154745025761B8500B1B553 /* SF-Pro-Display-ThinItalic.otf */,
				4154745225761B8500B1B553 /* SF-Pro-Display-Ultralight.otf */,
				4154746325761B8800B1B553 /* SF-Pro-Display-UltralightItalic.otf */,
			);
			path = Fonts;
			sourceTree = "<group>";
		};
		415BA1FB2579E39D00EB3D68 /* DataProvider */ = {
			isa = PBXGroup;
			children = (
				415BA1FC2579E3AE00EB3D68 /* MainScreenDataProvider.swift */,
			);
			path = DataProvider;
			sourceTree = "<group>";
		};
		415BA2042579E84E00EB3D68 /* MainScreen */ = {
			isa = PBXGroup;
			children = (
				41CAD5842578531D00073115 /* MainScreenTests.swift */,
				415BA2052579E8A600EB3D68 /* MainScreenDataProviderTests.swift */,
				41AB7278257C64A000AAB062 /* CounterTableViewCellTests.swift */,
			);
			path = MainScreen;
			sourceTree = "<group>";
		};
		415BA20E2579F25900EB3D68 /* Common */ = {
			isa = PBXGroup;
			children = (
				41751E642582585200F2918D /* Protocols */,
				415BA20F2579F26200EB3D68 /* Models */,
			);
			path = Common;
			sourceTree = "<group>";
		};
		415BA20F2579F26200EB3D68 /* Models */ = {
			isa = PBXGroup;
			children = (
				415BA223257A955400EB3D68 /* CounterItemManager.swift */,
				415BA2182579FB1A00EB3D68 /* Counter.swift */,
			);
			path = Models;
			sourceTree = "<group>";
		};
		41751E642582585200F2918D /* Protocols */ = {
			isa = PBXGroup;
			children = (
				41751E652582587300F2918D /* SearchableDataProvider.swift */,
			);
			path = Protocols;
			sourceTree = "<group>";
		};
		41751E6D2582613200F2918D /* AddItem */ = {
			isa = PBXGroup;
			children = (
				41751E6E2582617200F2918D /* AddItem.storyboard */,
				41751E6F2582617200F2918D /* AddItemInterfaces.swift */,
				41751E702582617200F2918D /* AddItemPresenter.swift */,
				41751E712582617200F2918D /* AddItemViewController.swift */,
				41751E722582617200F2918D /* AddItemInteractor.swift */,
				41751E732582617200F2918D /* AddItemWireframe.swift */,
			);
			path = AddItem;
			sourceTree = "<group>";
		};
		417A832A25761E2300794AA1 /* Controls */ = {
			isa = PBXGroup;
			children = (
				417A832B25761E5800794AA1 /* RoundedButton.swift */,
			);
			path = Controls;
			sourceTree = "<group>";
		};
		417A83662576226400794AA1 /* CellPrototypes */ = {
			isa = PBXGroup;
			children = (
				417A83672576228400794AA1 /* WelcomeTableViewCell.swift */,
				417A83682576228400794AA1 /* WelcomeTableViewCell.xib */,
			);
			path = CellPrototypes;
			sourceTree = "<group>";
		};
		418A0A7A2582833A008D2F9F /* Models */ = {
			isa = PBXGroup;
			children = (
				418A0A7B2582833A008D2F9F /* ItemManagerTests.swift */,
				418A0A7C2582833A008D2F9F /* CounterTests.swift */,
			);
			path = Models;
			sourceTree = "<group>";
		};
		41988E6D2577E88100BE9966 /* VIPER */ = {
			isa = PBXGroup;
			children = (
				41988E702577E8E100BE9966 /* BaseWireframe.swift */,
				41988E722577E8E100BE9966 /* FormatterInterface.swift */,
				41988E732577E8E100BE9966 /* InteractorInterface.swift */,
				41988E712577E8E100BE9966 /* PresenterInterface.swift */,
				41988E6F2577E8E100BE9966 /* UIStoryboardExtension.swift */,
				41988E6E2577E8E100BE9966 /* ViewInterface.swift */,
			);
			path = VIPER;
			sourceTree = "<group>";
		};
		41988E8C2577EB0400BE9966 /* Modules */ = {
			isa = PBXGroup;
			children = (
				41F872F72582880C000877F8 /* AddItem */,
				415BA2042579E84E00EB3D68 /* MainScreen */,
				41988E8F2577EB9500BE9966 /* WelcomeUserTests.swift */,
			);
			path = Modules;
			sourceTree = "<group>";
		};
		41988E8D2577EB1B00BE9966 /* Modules */ = {
			isa = PBXGroup;
			children = (
				41751E6D2582613200F2918D /* AddItem */,
				41CAD5712578509B00073115 /* MainScreen */,
				41F24C7F25760748003B4CEE /* WelcomeView */,
			);
			path = Modules;
			sourceTree = "<group>";
		};
		41988E8E2577EB2E00BE9966 /* LaunchScreen */ = {
			isa = PBXGroup;
			children = (
				41F24C3925759C31003B4CEE /* LaunchScreen.storyboard */,
			);
			path = LaunchScreen;
			sourceTree = "<group>";
		};
		41AB726D257BE76700AAB062 /* CellPrototypes */ = {
			isa = PBXGroup;
			children = (
				41AB726E257BE7A400AAB062 /* CounterTableViewCell.swift */,
				41AB726F257BE7A400AAB062 /* CounterTableViewCell.xib */,
			);
			path = CellPrototypes;
			sourceTree = "<group>";
		};
		41CAD5712578509B00073115 /* MainScreen */ = {
			isa = PBXGroup;
			children = (
				41AB726D257BE76700AAB062 /* CellPrototypes */,
				415BA1FB2579E39D00EB3D68 /* DataProvider */,
				41CAD572257850CD00073115 /* MainScreen.storyboard */,
				41CAD573257850CD00073115 /* MainScreenInterfaces.swift */,
				41CAD574257850CD00073115 /* MainScreenPresenter.swift */,
				41CAD575257850CD00073115 /* MainScreenViewController.swift */,
				41CAD576257850CD00073115 /* MainScreenInteractor.swift */,
				41CAD577257850CD00073115 /* MainScreenWireframe.swift */,
			);
			path = MainScreen;
			sourceTree = "<group>";
		};
		41DFA2B32581478E00695D1B /* Enums */ = {
			isa = PBXGroup;
			children = (
				41DFA2B4258147AE00695D1B /* WelcomeCellType.swift */,
			);
			path = Enums;
			sourceTree = "<group>";
		};
		41F24C1F25759C2F003B4CEE = {
			isa = PBXGroup;
			children = (
				41F24C2A25759C2F003B4CEE /* Awesome Counter */,
				41F24C4425759C31003B4CEE /* Awesome CounterTests */,
				41F24C4F25759C31003B4CEE /* Awesome CounterUITests */,
				41F24C2925759C2F003B4CEE /* Products */,
			);
			sourceTree = "<group>";
		};
		41F24C2925759C2F003B4CEE /* Products */ = {
			isa = PBXGroup;
			children = (
				41F24C2825759C2F003B4CEE /* Awesome Counter.app */,
				41F24C4125759C31003B4CEE /* Awesome CounterTests.xctest */,
				41F24C4C25759C31003B4CEE /* Awesome CounterUITests.xctest */,
			);
			name = Products;
			sourceTree = "<group>";
		};
		41F24C2A25759C2F003B4CEE /* Awesome Counter */ = {
			isa = PBXGroup;
			children = (
				415BA20E2579F25900EB3D68 /* Common */,
				41988E8D2577EB1B00BE9966 /* Modules */,
				41F24C7E25760736003B4CEE /* SupportFiles */,
				41F24C6D257603EF003B4CEE /* Extensions */,
				41F24C2B25759C2F003B4CEE /* AppDelegate.swift */,
				41F24C2D25759C2F003B4CEE /* SceneDelegate.swift */,
				41F24C3C25759C31003B4CEE /* Info.plist */,
				41F24C3425759C2F003B4CEE /* Awesome_Counter.xcdatamodeld */,
			);
			path = "Awesome Counter";
			sourceTree = "<group>";
		};
		41F24C4425759C31003B4CEE /* Awesome CounterTests */ = {
			isa = PBXGroup;
			children = (
				418A0A7A2582833A008D2F9F /* Models */,
				41988E8C2577EB0400BE9966 /* Modules */,
				41F24C4525759C31003B4CEE /* Awesome_CounterTests.swift */,
				41F24C4725759C31003B4CEE /* Info.plist */,
			);
			path = "Awesome CounterTests";
			sourceTree = "<group>";
		};
		41F24C4F25759C31003B4CEE /* Awesome CounterUITests */ = {
			isa = PBXGroup;
			children = (
				41F24C5025759C31003B4CEE /* Awesome_CounterUITests.swift */,
				41F24C5225759C31003B4CEE /* Info.plist */,
			);
			path = "Awesome CounterUITests";
			sourceTree = "<group>";
		};
		41F24C6D257603EF003B4CEE /* Extensions */ = {
			isa = PBXGroup;
			children = (
				417A832A25761E2300794AA1 /* Controls */,
				41F24C6E25760414003B4CEE /* String+localization.swift */,
				41F24C7625760627003B4CEE /* UIKit+XIBLocalizable.swift */,
				41AF03ED2577F5E800754913 /* UIView+Extension.swift */,
			);
			path = Extensions;
			sourceTree = "<group>";
		};
		41F24C7E25760736003B4CEE /* SupportFiles */ = {
			isa = PBXGroup;
			children = (
				41988E8E2577EB2E00BE9966 /* LaunchScreen */,
				41988E6D2577E88100BE9966 /* VIPER */,
				41547436257619E200B1B553 /* Assets */,
			);
			path = SupportFiles;
			sourceTree = "<group>";
		};
		41F24C7F25760748003B4CEE /* WelcomeView */ = {
			isa = PBXGroup;
			children = (
				41DFA2B32581478E00695D1B /* Enums */,
				417A83662576226400794AA1 /* CellPrototypes */,
				41988E7D2577E92B00BE9966 /* WelcomeUser.storyboard */,
				41988E7E2577E92B00BE9966 /* WelcomeUserInterfaces.swift */,
				41988E7F2577E92B00BE9966 /* WelcomeUserPresenter.swift */,
				41988E802577E92B00BE9966 /* WelcomeUserViewController.swift */,
				41988E822577E92B00BE9966 /* WelcomeUserWireframe.swift */,
				41AF03E52577F12400754913 /* WelcomeUserViewController+UITableViewDataSource.swift */,
			);
			path = WelcomeView;
			sourceTree = "<group>";
		};
		41F872F72582880C000877F8 /* AddItem */ = {
			isa = PBXGroup;
			children = (
				41F873042582E04F000877F8 /* AddItemTests.swift */,
			);
			path = AddItem;
			sourceTree = "<group>";
		};
/* End PBXGroup section */

/* Begin PBXNativeTarget section */
		41F24C2725759C2F003B4CEE /* Awesome Counter */ = {
			isa = PBXNativeTarget;
			buildConfigurationList = 41F24C5525759C31003B4CEE /* Build configuration list for PBXNativeTarget "Awesome Counter" */;
			buildPhases = (
				41F24C2425759C2F003B4CEE /* Sources */,
				41F24C2525759C2F003B4CEE /* Frameworks */,
				41F24C2625759C2F003B4CEE /* Resources */,
				41DFA2AF2581269800695D1B /* Run Swiftlint */,
			);
			buildRules = (
			);
			dependencies = (
			);
			name = "Awesome Counter";
			productName = "Awesome Counter";
			productReference = 41F24C2825759C2F003B4CEE /* Awesome Counter.app */;
			productType = "com.apple.product-type.application";
		};
		41F24C4025759C31003B4CEE /* Awesome CounterTests */ = {
			isa = PBXNativeTarget;
			buildConfigurationList = 41F24C5825759C31003B4CEE /* Build configuration list for PBXNativeTarget "Awesome CounterTests" */;
			buildPhases = (
				41F24C3D25759C31003B4CEE /* Sources */,
				41F24C3E25759C31003B4CEE /* Frameworks */,
				41F24C3F25759C31003B4CEE /* Resources */,
			);
			buildRules = (
			);
			dependencies = (
				41F24C4325759C31003B4CEE /* PBXTargetDependency */,
			);
			name = "Awesome CounterTests";
			productName = "Awesome CounterTests";
			productReference = 41F24C4125759C31003B4CEE /* Awesome CounterTests.xctest */;
			productType = "com.apple.product-type.bundle.unit-test";
		};
		41F24C4B25759C31003B4CEE /* Awesome CounterUITests */ = {
			isa = PBXNativeTarget;
			buildConfigurationList = 41F24C5B25759C31003B4CEE /* Build configuration list for PBXNativeTarget "Awesome CounterUITests" */;
			buildPhases = (
				41F24C4825759C31003B4CEE /* Sources */,
				41F24C4925759C31003B4CEE /* Frameworks */,
				41F24C4A25759C31003B4CEE /* Resources */,
			);
			buildRules = (
			);
			dependencies = (
				41F24C4E25759C31003B4CEE /* PBXTargetDependency */,
			);
			name = "Awesome CounterUITests";
			productName = "Awesome CounterUITests";
			productReference = 41F24C4C25759C31003B4CEE /* Awesome CounterUITests.xctest */;
			productType = "com.apple.product-type.bundle.ui-testing";
		};
/* End PBXNativeTarget section */

/* Begin PBXProject section */
		41F24C2025759C2F003B4CEE /* Project object */ = {
			isa = PBXProject;
			attributes = {
				LastSwiftUpdateCheck = 1220;
				LastUpgradeCheck = 1220;
				TargetAttributes = {
					41F24C2725759C2F003B4CEE = {
						CreatedOnToolsVersion = 12.2;
					};
					41F24C4025759C31003B4CEE = {
						CreatedOnToolsVersion = 12.2;
						TestTargetID = 41F24C2725759C2F003B4CEE;
					};
					41F24C4B25759C31003B4CEE = {
						CreatedOnToolsVersion = 12.2;
						TestTargetID = 41F24C2725759C2F003B4CEE;
					};
				};
			};
			buildConfigurationList = 41F24C2325759C2F003B4CEE /* Build configuration list for PBXProject "Awesome Counter" */;
			compatibilityVersion = "Xcode 9.3";
			developmentRegion = en;
			hasScannedForEncodings = 0;
			knownRegions = (
				en,
				Base,
				"es-419",
			);
			mainGroup = 41F24C1F25759C2F003B4CEE;
			productRefGroup = 41F24C2925759C2F003B4CEE /* Products */;
			projectDirPath = "";
			projectRoot = "";
			targets = (
				41F24C2725759C2F003B4CEE /* Awesome Counter */,
				41F24C4025759C31003B4CEE /* Awesome CounterTests */,
				41F24C4B25759C31003B4CEE /* Awesome CounterUITests */,
			);
		};
/* End PBXProject section */

/* Begin PBXResourcesBuildPhase section */
		41F24C2625759C2F003B4CEE /* Resources */ = {
			isa = PBXResourcesBuildPhase;
			buildActionMask = 2147483647;
			files = (
				41AB7271257BE7A400AAB062 /* CounterTableViewCell.xib in Resources */,
				41AF040D2578053400754913 /* SF-Pro-Display-Black.otf in Resources */,
				41AF040E2578053400754913 /* SF-Pro-Display-BlackItalic.otf in Resources */,
				41AF040F2578053400754913 /* SF-Pro-Display-Bold.otf in Resources */,
				41AF04102578053400754913 /* SF-Pro-Display-BoldItalic.otf in Resources */,
				41AF04112578053400754913 /* SF-Pro-Display-Heavy.otf in Resources */,
				41AF04122578053400754913 /* SF-Pro-Display-HeavyItalic.otf in Resources */,
				41AF04132578053400754913 /* SF-Pro-Display-Light.otf in Resources */,
				41AF04142578053400754913 /* SF-Pro-Display-LightItalic.otf in Resources */,
				41AF04152578053400754913 /* SF-Pro-Display-Medium.otf in Resources */,
				41751E742582617200F2918D /* AddItem.storyboard in Resources */,
				41AF04162578053400754913 /* SF-Pro-Display-MediumItalic.otf in Resources */,
				41AF04172578053400754913 /* SF-Pro-Display-Regular.otf in Resources */,
				41AF04182578053400754913 /* SF-Pro-Display-RegularItalic.otf in Resources */,
				41AF04192578053400754913 /* SF-Pro-Display-Semibold.otf in Resources */,
				41AF041A2578053400754913 /* SF-Pro-Display-SemiboldItalic.otf in Resources */,
				41AF041B2578053400754913 /* SF-Pro-Display-Thin.otf in Resources */,
				41AF041C2578053400754913 /* SF-Pro-Display-ThinItalic.otf in Resources */,
				41AF041D2578053400754913 /* SF-Pro-Display-Ultralight.otf in Resources */,
				41CAD578257850CD00073115 /* MainScreen.storyboard in Resources */,
				41AF041E2578053400754913 /* SF-Pro-Display-UltralightItalic.otf in Resources */,
				41F24C3B25759C31003B4CEE /* LaunchScreen.storyboard in Resources */,
				41AB727E257C6DF800AAB062 /* SF-Pro-Rounded-Semibold.otf in Resources */,
				4129849A25760EC1008B2E5E /* CounterColors.xcassets in Resources */,
				41F24C3825759C31003B4CEE /* Assets.xcassets in Resources */,
				41988E832577E92B00BE9966 /* WelcomeUser.storyboard in Resources */,
				417A836A2576228400794AA1 /* WelcomeTableViewCell.xib in Resources */,
			);
			runOnlyForDeploymentPostprocessing = 0;
		};
		41F24C3F25759C31003B4CEE /* Resources */ = {
			isa = PBXResourcesBuildPhase;
			buildActionMask = 2147483647;
			files = (
			);
			runOnlyForDeploymentPostprocessing = 0;
		};
		41F24C4A25759C31003B4CEE /* Resources */ = {
			isa = PBXResourcesBuildPhase;
			buildActionMask = 2147483647;
			files = (
			);
			runOnlyForDeploymentPostprocessing = 0;
		};
/* End PBXResourcesBuildPhase section */

/* Begin PBXShellScriptBuildPhase section */
		41DFA2AF2581269800695D1B /* Run Swiftlint */ = {
			isa = PBXShellScriptBuildPhase;
			buildActionMask = 2147483647;
			files = (
			);
			inputFileListPaths = (
			);
			inputPaths = (
			);
			name = "Run Swiftlint";
			outputFileListPaths = (
			);
			outputPaths = (
			);
			runOnlyForDeploymentPostprocessing = 0;
			shellPath = /bin/sh;
			shellScript = "if which swiftlint >/dev/null; then\n  swiftlint\nelse\n  echo \"warning: SwiftLint not installed, download from https://github.com/realm/SwiftLint\"\nfi\n";
		};
/* End PBXShellScriptBuildPhase section */

/* Begin PBXSourcesBuildPhase section */
		41F24C2425759C2F003B4CEE /* Sources */ = {
			isa = PBXSourcesBuildPhase;
			buildActionMask = 2147483647;
			files = (
				415BA1FD2579E3AE00EB3D68 /* MainScreenDataProvider.swift in Sources */,
				41CAD57C257850CD00073115 /* MainScreenInteractor.swift in Sources */,
				415BA224257A955400EB3D68 /* CounterItemManager.swift in Sources */,
				415BA2192579FB1A00EB3D68 /* Counter.swift in Sources */,
				41F24C3625759C2F003B4CEE /* Awesome_Counter.xcdatamodeld in Sources */,
				41988E792577E8E100BE9966 /* InteractorInterface.swift in Sources */,
				41CAD57A257850CD00073115 /* MainScreenPresenter.swift in Sources */,
				41988E752577E8E100BE9966 /* UIStoryboardExtension.swift in Sources */,
				41F24C2C25759C2F003B4CEE /* AppDelegate.swift in Sources */,
				417A832C25761E5800794AA1 /* RoundedButton.swift in Sources */,
				41988E882577E92B00BE9966 /* WelcomeUserWireframe.swift in Sources */,
				41CAD579257850CD00073115 /* MainScreenInterfaces.swift in Sources */,
				41AB7270257BE7A400AAB062 /* CounterTableViewCell.swift in Sources */,
				41988E742577E8E100BE9966 /* ViewInterface.swift in Sources */,
				41751E752582617200F2918D /* AddItemInterfaces.swift in Sources */,
				417A83692576228400794AA1 /* WelcomeTableViewCell.swift in Sources */,
				41988E852577E92B00BE9966 /* WelcomeUserPresenter.swift in Sources */,
				41751E772582617200F2918D /* AddItemViewController.swift in Sources */,
				41F24C2E25759C2F003B4CEE /* SceneDelegate.swift in Sources */,
				41988E772577E8E100BE9966 /* PresenterInterface.swift in Sources */,
				41F24C6F25760414003B4CEE /* String+localization.swift in Sources */,
				41988E782577E8E100BE9966 /* FormatterInterface.swift in Sources */,
				41AF03EE2577F5E800754913 /* UIView+Extension.swift in Sources */,
				41751E792582617200F2918D /* AddItemWireframe.swift in Sources */,
				41F24C7725760627003B4CEE /* UIKit+XIBLocalizable.swift in Sources */,
				41AF03E62577F12400754913 /* WelcomeUserViewController+UITableViewDataSource.swift in Sources */,
				41CAD57D257850CD00073115 /* MainScreenWireframe.swift in Sources */,
				41AF03E62577F12400754913 /* WelcomeUserViewController+UITableViewDataSource.swift in Sources */,
				41751E782582617200F2918D /* AddItemInteractor.swift in Sources */,
				41DFA2B5258147AE00695D1B /* WelcomeCellType.swift in Sources */,
				41988E842577E92B00BE9966 /* WelcomeUserInterfaces.swift in Sources */,
				41CAD57B257850CD00073115 /* MainScreenViewController.swift in Sources */,
				41988E862577E92B00BE9966 /* WelcomeUserViewController.swift in Sources */,
				41988E762577E8E100BE9966 /* BaseWireframe.swift in Sources */,
				41751E762582617200F2918D /* AddItemPresenter.swift in Sources */,
				41751E662582587300F2918D /* SearchableDataProvider.swift in Sources */,
			);
			runOnlyForDeploymentPostprocessing = 0;
		};
		41F24C3D25759C31003B4CEE /* Sources */ = {
			isa = PBXSourcesBuildPhase;
			buildActionMask = 2147483647;
			files = (
				41F873052582E04F000877F8 /* AddItemTests.swift in Sources */,
				41CAD5852578531D00073115 /* MainScreenTests.swift in Sources */,
				41F24C4625759C31003B4CEE /* Awesome_CounterTests.swift in Sources */,
				418A0A7E2582833A008D2F9F /* CounterTests.swift in Sources */,
				41988E902577EB9500BE9966 /* WelcomeUserTests.swift in Sources */,
				415BA2062579E8A600EB3D68 /* MainScreenDataProviderTests.swift in Sources */,
				41AB7279257C64A100AAB062 /* CounterTableViewCellTests.swift in Sources */,
				418A0A7D2582833A008D2F9F /* ItemManagerTests.swift in Sources */,
			);
			runOnlyForDeploymentPostprocessing = 0;
		};
		41F24C4825759C31003B4CEE /* Sources */ = {
			isa = PBXSourcesBuildPhase;
			buildActionMask = 2147483647;
			files = (
				41F24C5125759C31003B4CEE /* Awesome_CounterUITests.swift in Sources */,
			);
			runOnlyForDeploymentPostprocessing = 0;
		};
/* End PBXSourcesBuildPhase section */

/* Begin PBXTargetDependency section */
		41F24C4325759C31003B4CEE /* PBXTargetDependency */ = {
			isa = PBXTargetDependency;
			target = 41F24C2725759C2F003B4CEE /* Awesome Counter */;
			targetProxy = 41F24C4225759C31003B4CEE /* PBXContainerItemProxy */;
		};
		41F24C4E25759C31003B4CEE /* PBXTargetDependency */ = {
			isa = PBXTargetDependency;
			target = 41F24C2725759C2F003B4CEE /* Awesome Counter */;
			targetProxy = 41F24C4D25759C31003B4CEE /* PBXContainerItemProxy */;
		};
/* End PBXTargetDependency section */

/* Begin PBXVariantGroup section */
		41F24C3925759C31003B4CEE /* LaunchScreen.storyboard */ = {
			isa = PBXVariantGroup;
			children = (
				41F24C3A25759C31003B4CEE /* Base */,
				41F24C84257607AD003B4CEE /* en */,
				41F24C8525760929003B4CEE /* es-419 */,
			);
			name = LaunchScreen.storyboard;
			sourceTree = "<group>";
		};
/* End PBXVariantGroup section */

/* Begin XCBuildConfiguration section */
		41F24C5325759C31003B4CEE /* Debug */ = {
			isa = XCBuildConfiguration;
			buildSettings = {
				ALWAYS_SEARCH_USER_PATHS = NO;
				CLANG_ANALYZER_LOCALIZABILITY_NONLOCALIZED = YES;
				CLANG_ANALYZER_NONNULL = YES;
				CLANG_ANALYZER_NUMBER_OBJECT_CONVERSION = YES_AGGRESSIVE;
				CLANG_CXX_LANGUAGE_STANDARD = "gnu++14";
				CLANG_CXX_LIBRARY = "libc++";
				CLANG_ENABLE_MODULES = YES;
				CLANG_ENABLE_OBJC_ARC = YES;
				CLANG_ENABLE_OBJC_WEAK = YES;
				CLANG_WARN_BLOCK_CAPTURE_AUTORELEASING = YES;
				CLANG_WARN_BOOL_CONVERSION = YES;
				CLANG_WARN_COMMA = YES;
				CLANG_WARN_CONSTANT_CONVERSION = YES;
				CLANG_WARN_DEPRECATED_OBJC_IMPLEMENTATIONS = YES;
				CLANG_WARN_DIRECT_OBJC_ISA_USAGE = YES_ERROR;
				CLANG_WARN_DOCUMENTATION_COMMENTS = YES;
				CLANG_WARN_EMPTY_BODY = YES;
				CLANG_WARN_ENUM_CONVERSION = YES;
				CLANG_WARN_INFINITE_RECURSION = YES;
				CLANG_WARN_INT_CONVERSION = YES;
				CLANG_WARN_NON_LITERAL_NULL_CONVERSION = YES;
				CLANG_WARN_OBJC_IMPLICIT_RETAIN_SELF = YES;
				CLANG_WARN_OBJC_LITERAL_CONVERSION = YES;
				CLANG_WARN_OBJC_ROOT_CLASS = YES_ERROR;
				CLANG_WARN_QUOTED_INCLUDE_IN_FRAMEWORK_HEADER = YES;
				CLANG_WARN_RANGE_LOOP_ANALYSIS = YES;
				CLANG_WARN_STRICT_PROTOTYPES = YES;
				CLANG_WARN_SUSPICIOUS_MOVE = YES;
				CLANG_WARN_UNGUARDED_AVAILABILITY = YES_AGGRESSIVE;
				CLANG_WARN_UNREACHABLE_CODE = YES;
				CLANG_WARN__DUPLICATE_METHOD_MATCH = YES;
				COPY_PHASE_STRIP = NO;
				DEBUG_INFORMATION_FORMAT = dwarf;
				ENABLE_STRICT_OBJC_MSGSEND = YES;
				ENABLE_TESTABILITY = YES;
				GCC_C_LANGUAGE_STANDARD = gnu11;
				GCC_DYNAMIC_NO_PIC = NO;
				GCC_NO_COMMON_BLOCKS = YES;
				GCC_OPTIMIZATION_LEVEL = 0;
				GCC_PREPROCESSOR_DEFINITIONS = (
					"DEBUG=1",
					"$(inherited)",
				);
				GCC_WARN_64_TO_32_BIT_CONVERSION = YES;
				GCC_WARN_ABOUT_RETURN_TYPE = YES_ERROR;
				GCC_WARN_UNDECLARED_SELECTOR = YES;
				GCC_WARN_UNINITIALIZED_AUTOS = YES_AGGRESSIVE;
				GCC_WARN_UNUSED_FUNCTION = YES;
				GCC_WARN_UNUSED_VARIABLE = YES;
				IPHONEOS_DEPLOYMENT_TARGET = 14.1;
				MTL_ENABLE_DEBUG_INFO = INCLUDE_SOURCE;
				MTL_FAST_MATH = YES;
				ONLY_ACTIVE_ARCH = YES;
				SDKROOT = iphoneos;
				SWIFT_ACTIVE_COMPILATION_CONDITIONS = DEBUG;
				SWIFT_OPTIMIZATION_LEVEL = "-Onone";
			};
			name = Debug;
		};
		41F24C5425759C31003B4CEE /* Release */ = {
			isa = XCBuildConfiguration;
			buildSettings = {
				ALWAYS_SEARCH_USER_PATHS = NO;
				CLANG_ANALYZER_LOCALIZABILITY_NONLOCALIZED = YES;
				CLANG_ANALYZER_NONNULL = YES;
				CLANG_ANALYZER_NUMBER_OBJECT_CONVERSION = YES_AGGRESSIVE;
				CLANG_CXX_LANGUAGE_STANDARD = "gnu++14";
				CLANG_CXX_LIBRARY = "libc++";
				CLANG_ENABLE_MODULES = YES;
				CLANG_ENABLE_OBJC_ARC = YES;
				CLANG_ENABLE_OBJC_WEAK = YES;
				CLANG_WARN_BLOCK_CAPTURE_AUTORELEASING = YES;
				CLANG_WARN_BOOL_CONVERSION = YES;
				CLANG_WARN_COMMA = YES;
				CLANG_WARN_CONSTANT_CONVERSION = YES;
				CLANG_WARN_DEPRECATED_OBJC_IMPLEMENTATIONS = YES;
				CLANG_WARN_DIRECT_OBJC_ISA_USAGE = YES_ERROR;
				CLANG_WARN_DOCUMENTATION_COMMENTS = YES;
				CLANG_WARN_EMPTY_BODY = YES;
				CLANG_WARN_ENUM_CONVERSION = YES;
				CLANG_WARN_INFINITE_RECURSION = YES;
				CLANG_WARN_INT_CONVERSION = YES;
				CLANG_WARN_NON_LITERAL_NULL_CONVERSION = YES;
				CLANG_WARN_OBJC_IMPLICIT_RETAIN_SELF = YES;
				CLANG_WARN_OBJC_LITERAL_CONVERSION = YES;
				CLANG_WARN_OBJC_ROOT_CLASS = YES_ERROR;
				CLANG_WARN_QUOTED_INCLUDE_IN_FRAMEWORK_HEADER = YES;
				CLANG_WARN_RANGE_LOOP_ANALYSIS = YES;
				CLANG_WARN_STRICT_PROTOTYPES = YES;
				CLANG_WARN_SUSPICIOUS_MOVE = YES;
				CLANG_WARN_UNGUARDED_AVAILABILITY = YES_AGGRESSIVE;
				CLANG_WARN_UNREACHABLE_CODE = YES;
				CLANG_WARN__DUPLICATE_METHOD_MATCH = YES;
				COPY_PHASE_STRIP = NO;
				DEBUG_INFORMATION_FORMAT = "dwarf-with-dsym";
				ENABLE_NS_ASSERTIONS = NO;
				ENABLE_STRICT_OBJC_MSGSEND = YES;
				GCC_C_LANGUAGE_STANDARD = gnu11;
				GCC_NO_COMMON_BLOCKS = YES;
				GCC_WARN_64_TO_32_BIT_CONVERSION = YES;
				GCC_WARN_ABOUT_RETURN_TYPE = YES_ERROR;
				GCC_WARN_UNDECLARED_SELECTOR = YES;
				GCC_WARN_UNINITIALIZED_AUTOS = YES_AGGRESSIVE;
				GCC_WARN_UNUSED_FUNCTION = YES;
				GCC_WARN_UNUSED_VARIABLE = YES;
				IPHONEOS_DEPLOYMENT_TARGET = 14.1;
				MTL_ENABLE_DEBUG_INFO = NO;
				MTL_FAST_MATH = YES;
				SDKROOT = iphoneos;
				SWIFT_COMPILATION_MODE = wholemodule;
				SWIFT_OPTIMIZATION_LEVEL = "-O";
				VALIDATE_PRODUCT = YES;
			};
			name = Release;
		};
		41F24C5625759C31003B4CEE /* Debug */ = {
			isa = XCBuildConfiguration;
			buildSettings = {
				ASSETCATALOG_COMPILER_APPICON_NAME = AppIcon;
				ASSETCATALOG_COMPILER_GLOBAL_ACCENT_COLOR_NAME = AccentColor;
				CODE_SIGN_STYLE = Automatic;
				DEVELOPMENT_TEAM = 8R2D9WN3M3;
				INFOPLIST_FILE = "Awesome Counter/Info.plist";
				IPHONEOS_DEPLOYMENT_TARGET = 13.0;
				LD_RUNPATH_SEARCH_PATHS = (
					"$(inherited)",
					"@executable_path/Frameworks",
				);
				MARKETING_VERSION = 0.1;
				PRODUCT_BUNDLE_IDENTIFIER = "com.ingjohnguerrero.Awesome-Counter";
				PRODUCT_NAME = "$(TARGET_NAME)";
				SWIFT_VERSION = 5.0;
				TARGETED_DEVICE_FAMILY = "1,2";
			};
			name = Debug;
		};
		41F24C5725759C31003B4CEE /* Release */ = {
			isa = XCBuildConfiguration;
			buildSettings = {
				ASSETCATALOG_COMPILER_APPICON_NAME = AppIcon;
				ASSETCATALOG_COMPILER_GLOBAL_ACCENT_COLOR_NAME = AccentColor;
				CODE_SIGN_STYLE = Automatic;
				DEVELOPMENT_TEAM = 8R2D9WN3M3;
				INFOPLIST_FILE = "Awesome Counter/Info.plist";
				IPHONEOS_DEPLOYMENT_TARGET = 13.0;
				LD_RUNPATH_SEARCH_PATHS = (
					"$(inherited)",
					"@executable_path/Frameworks",
				);
				MARKETING_VERSION = 0.1;
				PRODUCT_BUNDLE_IDENTIFIER = "com.ingjohnguerrero.Awesome-Counter";
				PRODUCT_NAME = "$(TARGET_NAME)";
				SWIFT_VERSION = 5.0;
				TARGETED_DEVICE_FAMILY = "1,2";
			};
			name = Release;
		};
		41F24C5925759C31003B4CEE /* Debug */ = {
			isa = XCBuildConfiguration;
			buildSettings = {
				ALWAYS_EMBED_SWIFT_STANDARD_LIBRARIES = YES;
				BUNDLE_LOADER = "$(TEST_HOST)";
				CODE_SIGN_STYLE = Automatic;
				DEVELOPMENT_TEAM = 8R2D9WN3M3;
				INFOPLIST_FILE = "Awesome CounterTests/Info.plist";
				IPHONEOS_DEPLOYMENT_TARGET = 14.1;
				LD_RUNPATH_SEARCH_PATHS = (
					"$(inherited)",
					"@executable_path/Frameworks",
					"@loader_path/Frameworks",
				);
				PRODUCT_BUNDLE_IDENTIFIER = "com.ingjohnguerrero.Awesome-CounterTests";
				PRODUCT_NAME = "$(TARGET_NAME)";
				SWIFT_VERSION = 5.0;
				TARGETED_DEVICE_FAMILY = "1,2";
				TEST_HOST = "$(BUILT_PRODUCTS_DIR)/Awesome Counter.app/Awesome Counter";
			};
			name = Debug;
		};
		41F24C5A25759C31003B4CEE /* Release */ = {
			isa = XCBuildConfiguration;
			buildSettings = {
				ALWAYS_EMBED_SWIFT_STANDARD_LIBRARIES = YES;
				BUNDLE_LOADER = "$(TEST_HOST)";
				CODE_SIGN_STYLE = Automatic;
				DEVELOPMENT_TEAM = 8R2D9WN3M3;
				INFOPLIST_FILE = "Awesome CounterTests/Info.plist";
				IPHONEOS_DEPLOYMENT_TARGET = 14.1;
				LD_RUNPATH_SEARCH_PATHS = (
					"$(inherited)",
					"@executable_path/Frameworks",
					"@loader_path/Frameworks",
				);
				PRODUCT_BUNDLE_IDENTIFIER = "com.ingjohnguerrero.Awesome-CounterTests";
				PRODUCT_NAME = "$(TARGET_NAME)";
				SWIFT_VERSION = 5.0;
				TARGETED_DEVICE_FAMILY = "1,2";
				TEST_HOST = "$(BUILT_PRODUCTS_DIR)/Awesome Counter.app/Awesome Counter";
			};
			name = Release;
		};
		41F24C5C25759C31003B4CEE /* Debug */ = {
			isa = XCBuildConfiguration;
			buildSettings = {
				ALWAYS_EMBED_SWIFT_STANDARD_LIBRARIES = YES;
				CODE_SIGN_STYLE = Automatic;
				DEVELOPMENT_TEAM = 8R2D9WN3M3;
				INFOPLIST_FILE = "Awesome CounterUITests/Info.plist";
				IPHONEOS_DEPLOYMENT_TARGET = 14.1;
				LD_RUNPATH_SEARCH_PATHS = (
					"$(inherited)",
					"@executable_path/Frameworks",
					"@loader_path/Frameworks",
				);
				PRODUCT_BUNDLE_IDENTIFIER = "com.ingjohnguerrero.Awesome-CounterUITests";
				PRODUCT_NAME = "$(TARGET_NAME)";
				SWIFT_VERSION = 5.0;
				TARGETED_DEVICE_FAMILY = "1,2";
				TEST_TARGET_NAME = "Awesome Counter";
			};
			name = Debug;
		};
		41F24C5D25759C31003B4CEE /* Release */ = {
			isa = XCBuildConfiguration;
			buildSettings = {
				ALWAYS_EMBED_SWIFT_STANDARD_LIBRARIES = YES;
				CODE_SIGN_STYLE = Automatic;
				DEVELOPMENT_TEAM = 8R2D9WN3M3;
				INFOPLIST_FILE = "Awesome CounterUITests/Info.plist";
				IPHONEOS_DEPLOYMENT_TARGET = 14.1;
				LD_RUNPATH_SEARCH_PATHS = (
					"$(inherited)",
					"@executable_path/Frameworks",
					"@loader_path/Frameworks",
				);
				PRODUCT_BUNDLE_IDENTIFIER = "com.ingjohnguerrero.Awesome-CounterUITests";
				PRODUCT_NAME = "$(TARGET_NAME)";
				SWIFT_VERSION = 5.0;
				TARGETED_DEVICE_FAMILY = "1,2";
				TEST_TARGET_NAME = "Awesome Counter";
			};
			name = Release;
		};
/* End XCBuildConfiguration section */

/* Begin XCConfigurationList section */
		41F24C2325759C2F003B4CEE /* Build configuration list for PBXProject "Awesome Counter" */ = {
			isa = XCConfigurationList;
			buildConfigurations = (
				41F24C5325759C31003B4CEE /* Debug */,
				41F24C5425759C31003B4CEE /* Release */,
			);
			defaultConfigurationIsVisible = 0;
			defaultConfigurationName = Release;
		};
		41F24C5525759C31003B4CEE /* Build configuration list for PBXNativeTarget "Awesome Counter" */ = {
			isa = XCConfigurationList;
			buildConfigurations = (
				41F24C5625759C31003B4CEE /* Debug */,
				41F24C5725759C31003B4CEE /* Release */,
			);
			defaultConfigurationIsVisible = 0;
			defaultConfigurationName = Release;
		};
		41F24C5825759C31003B4CEE /* Build configuration list for PBXNativeTarget "Awesome CounterTests" */ = {
			isa = XCConfigurationList;
			buildConfigurations = (
				41F24C5925759C31003B4CEE /* Debug */,
				41F24C5A25759C31003B4CEE /* Release */,
			);
			defaultConfigurationIsVisible = 0;
			defaultConfigurationName = Release;
		};
		41F24C5B25759C31003B4CEE /* Build configuration list for PBXNativeTarget "Awesome CounterUITests" */ = {
			isa = XCConfigurationList;
			buildConfigurations = (
				41F24C5C25759C31003B4CEE /* Debug */,
				41F24C5D25759C31003B4CEE /* Release */,
			);
			defaultConfigurationIsVisible = 0;
			defaultConfigurationName = Release;
		};
/* End XCConfigurationList section */

/* Begin XCVersionGroup section */
		41F24C3425759C2F003B4CEE /* Awesome_Counter.xcdatamodeld */ = {
			isa = XCVersionGroup;
			children = (
				41F24C3525759C2F003B4CEE /* Awesome_Counter.xcdatamodel */,
			);
			currentVersion = 41F24C3525759C2F003B4CEE /* Awesome_Counter.xcdatamodel */;
			path = Awesome_Counter.xcdatamodeld;
			sourceTree = "<group>";
			versionGroupType = wrapper.xcdatamodel;
		};
/* End XCVersionGroup section */
	};
	rootObject = 41F24C2025759C2F003B4CEE /* Project object */;
}
